
Microsoft Visual Studio Solution File, Format Version 12.00
# Visual Studio Version 17
VisualStudioVersion = 17.2.32630.192
MinimumVisualStudioVersion = 10.0.40219.1
Project("{FAE04EC0-301F-11D3-BF4B-00C04F79EFBC}") = "AWS05_ST01_MotionControl", "HE_ST01_MotionControl\AWS05_ST01_MotionControl.csproj", "{ABA44B59-B3A5-4173-A886-03C3E7D58581}"
EndProject
Global
	GlobalSection(SolutionConfigurationPlatforms) = preSolution
		Debug|Any CPU = Debug|Any CPU
		Debug|x64 = Debug|x64
		Release|Any CPU = Release|Any CPU
		Release|x64 = Release|x64
	EndGlobalSection
	GlobalSection(ProjectConfigurationPlatforms) = postSolution
		{ABA44B59-B3A5-4173-A886-03C3E7D58581}.Debug|Any CPU.ActiveCfg = Debug|Any CPU
		{ABA44B59-B3A5-4173-A886-03C3E7D58581}.Debug|Any CPU.Build.0 = Debug|Any CPU
		{ABA44B59-B3A5-4173-A886-03C3E7D58581}.Debug|x64.ActiveCfg = Debug|x64
		{ABA44B59-B3A5-4173-A886-03C3E7D58581}.Debug|x64.Build.0 = Debug|x64
		{ABA44B59-B3A5-4173-A886-03C3E7D58581}.Release|Any CPU.ActiveCfg = Release|Any CPU
		{ABA44B59-B3A5-4173-A886-03C3E7D58581}.Release|Any CPU.Build.0 = Release|Any CPU
		{ABA44B59-B3A5-4173-A886-03C3E7D58581}.Release|x64.ActiveCfg = Release|x64
		{ABA44B59-B3A5-4173-A886-03C3E7D58581}.Release|x64.Build.0 = Release|x64
	EndGlobalSection
	GlobalSection(SolutionProperties) = preSolution
		HideSolutionNode = FALSE
	EndGlobalSection
	GlobalSection(ExtensibilityGlobals) = postSolution
		SolutionGuid = {B068CF46-B5AC-4CB0-B10B-32A63794284B}
	EndGlobalSection
EndGlobal
